Microsoft Visual Studio Solution File, Format Version 12.00
# Visual Studio Version 17
VisualStudioVersion = 17.5.2.0
MinimumVisualStudioVersion = 10.0.40219.1
Project("{2150E333-8FDC-42A3-9474-1A3956D46DE8}") = "other", "other", "{A36FAAB1-3B70-FACF-6B1E-E7138A3CFC44}"
EndProject
Project("{2150E333-8FDC-42A3-9474-1A3956D46DE8}") = "ccloud", "ccloud", "{23A3CAC0-821E-7AD0-08BD-CA0EE349EAFD}"
EndProject
Project("{FAE04EC0-301F-11D3-BF4B-00C04F79EFBC}") = "DotNet2.2", "other\client-dotnet\DotNet2.2.csproj", "{625BE235-268A-2C24-CBAB-2179484E8F6A}"
EndProject
Project("{FAE04EC0-301F-11D3-BF4B-00C04F79EFBC}") = "DotNet3.1", "other\client-dotnet\DotNet3.1.csproj", "{1D28699F-2914-0C47-88FD-02E4E032105F}"
EndProject
Project("{FAE04EC0-301F-11D3-BF4B-00C04F79EFBC}") = "CCloud2.2", "ccloud\client-dotnet\CCloud2.2.csproj", "{CC0B8A5C-26CF-D9A8-097D-D9817C56F10E}"
EndProject
Project("{FAE04EC0-301F-11D3-BF4B-00C04F79EFBC}") = "CCloud3.1", "ccloud\client-dotnet\CCloud3.1.csproj", "{E71428FB-D2F1-7DBE-3776-43AC8C44B9E1}"
EndProject
Project("{2150E333-8FDC-42A3-9474-1A3956D46DE8}") = "monitoring-demo", "monitoring-demo", "{4828A052-A836-CE0D-A6B8-54B2D4A2BDD4}"
EndProject
Project("{FAE04EC0-301F-11D3-BF4B-00C04F79EFBC}") = "Monitoring", "other\monitoring-demo\client-dotnet\Monitoring.csproj", "{D91C8015-30A1-65B8-CCA6-B575106E5070}"
EndProject
Global
	GlobalSection(SolutionConfigurationPlatforms) = preSolution
		Debug|Any CPU = Debug|Any CPU
		Release|Any CPU = Release|Any CPU
	EndGlobalSection
	GlobalSection(ProjectConfigurationPlatforms) = postSolution
		{625BE235-268A-2C24-CBAB-2179484E8F6A}.Debug|Any CPU.ActiveCfg = Debug|Any CPU
		{625BE235-268A-2C24-CBAB-2179484E8F6A}.Debug|Any CPU.Build.0 = Debug|Any CPU
		{625BE235-268A-2C24-CBAB-2179484E8F6A}.Release|Any CPU.ActiveCfg = Release|Any CPU
		{625BE235-268A-2C24-CBAB-2179484E8F6A}.Release|Any CPU.Build.0 = Release|Any CPU
		{1D28699F-2914-0C47-88FD-02E4E032105F}.Debug|Any CPU.ActiveCfg = Debug|Any CPU
		{1D28699F-2914-0C47-88FD-02E4E032105F}.Debug|Any CPU.Build.0 = Debug|Any CPU
		{1D28699F-2914-0C47-88FD-02E4E032105F}.Release|Any CPU.ActiveCfg = Release|Any CPU
		{1D28699F-2914-0C47-88FD-02E4E032105F}.Release|Any CPU.Build.0 = Release|Any CPU
		{CC0B8A5C-26CF-D9A8-097D-D9817C56F10E}.Debug|Any CPU.ActiveCfg = Debug|Any CPU
		{CC0B8A5C-26CF-D9A8-097D-D9817C56F10E}.Debug|Any CPU.Build.0 = Debug|Any CPU
		{CC0B8A5C-26CF-D9A8-097D-D9817C56F10E}.Release|Any CPU.ActiveCfg = Release|Any CPU
		{CC0B8A5C-26CF-D9A8-097D-D9817C56F10E}.Release|Any CPU.Build.0 = Release|Any CPU
		{E71428FB-D2F1-7DBE-3776-43AC8C44B9E1}.Debug|Any CPU.ActiveCfg = Debug|Any CPU
		{E71428FB-D2F1-7DBE-3776-43AC8C44B9E1}.Debug|Any CPU.Build.0 = Debug|Any CPU
		{E71428FB-D2F1-7DBE-3776-43AC8C44B9E1}.Release|Any CPU.ActiveCfg = Release|Any CPU
		{E71428FB-D2F1-7DBE-3776-43AC8C44B9E1}.Release|Any CPU.Build.0 = Release|Any CPU
		{D91C8015-30A1-65B8-CCA6-B575106E5070}.Debug|Any CPU.ActiveCfg = Debug|Any CPU
		{D91C8015-30A1-65B8-CCA6-B575106E5070}.Debug|Any CPU.Build.0 = Debug|Any CPU
		{D91C8015-30A1-65B8-CCA6-B575106E5070}.Release|Any CPU.ActiveCfg = Release|Any CPU
		{D91C8015-30A1-65B8-CCA6-B575106E5070}.Release|Any CPU.Build.0 = Release|Any CPU
	EndGlobalSection
	GlobalSection(SolutionProperties) = preSolution
		HideSolutionNode = FALSE
	EndGlobalSection
	GlobalSection(NestedProjects) = preSolution
		{625BE235-268A-2C24-CBAB-2179484E8F6A} = {A36FAAB1-3B70-FACF-6B1E-E7138A3CFC44}
		{1D28699F-2914-0C47-88FD-02E4E032105F} = {A36FAAB1-3B70-FACF-6B1E-E7138A3CFC44}
		{CC0B8A5C-26CF-D9A8-097D-D9817C56F10E} = {23A3CAC0-821E-7AD0-08BD-CA0EE349EAFD}
		{E71428FB-D2F1-7DBE-3776-43AC8C44B9E1} = {23A3CAC0-821E-7AD0-08BD-CA0EE349EAFD}
		{4828A052-A836-CE0D-A6B8-54B2D4A2BDD4} = {A36FAAB1-3B70-FACF-6B1E-E7138A3CFC44}
		{D91C8015-30A1-65B8-CCA6-B575106E5070} = {4828A052-A836-CE0D-A6B8-54B2D4A2BDD4}
	EndGlobalSection
	GlobalSection(ExtensibilityGlobals) = postSolution
		SolutionGuid = {D11B5B17-01D3-4289-9564-52BB9178AEC2}
	EndGlobalSection
EndGlobal
